
Microsoft Visual Studio Solution File, Format Version 12.00
# Visual Studio Version 17
VisualStudioVersion = 17.6.33801.468
MinimumVisualStudioVersion = 10.0.40219.1
Project("{FAE04EC0-301F-11D3-BF4B-00C04F79EFBC}") = "TeknoparrotAutoXinput", "TeknoparrotAutoXinput\TeknoparrotAutoXinput.csproj", "{01DB8E7F-AE5C-4221-8E9D-B084627F7D48}"
EndProject
Global
	GlobalSection(SolutionConfigurationPlatforms) = preSolution
		Debug|Any CPU = Debug|Any CPU
		Release|Any CPU = Release|Any CPU
	EndGlobalSection
	GlobalSection(ProjectConfigurationPlatforms) = postSolution
		{01DB8E7F-AE5C-4221-8E9D-B084627F7D48}.Debug|Any CPU.ActiveCfg = Debug|Any CPU
		{01DB8E7F-AE5C-4221-8E9D-B084627F7D48}.Debug|Any CPU.Build.0 = Debug|Any CPU
		{01DB8E7F-AE5C-4221-8E9D-B084627F7D48}.Release|Any CPU.ActiveCfg = Release|Any CPU
		{01DB8E7F-AE5C-4221-8E9D-B084627F7D48}.Release|Any CPU.Build.0 = Release|Any CPU
	EndGlobalSection
	GlobalSection(SolutionProperties) = preSolution
		HideSolutionNode = FALSE
	EndGlobalSection
	GlobalSection(ExtensibilityGlobals) = postSolution
		SolutionGuid = {494B5F98-F5B3-44F1-AE23-6B8043C00D24}
	EndGlobalSection
EndGlobal
